Microsoft Visual Studio Solution File, Format Version 11.00
# Visual Studio 2008

Project("{D14057CD-A061-683A-E150-0D5766420191}") = "XMLLoad", "Assembly-CSharp.csproj", "{12B8D3CD-AB4E-E313-F88F-CFBE63104BF6}"
EndProject
Global
	GlobalSection(SolutionConfigurationPlatforms) = preSolution
		Debug|Any CPU = Debug|Any CPU
		Release|Any CPU = Release|Any CPU
	EndGlobalSection
	GlobalSection(ProjectConfigurationPlatforms) = postSolution
		{12B8D3CD-AB4E-E313-F88F-CFBE63104BF6}.Debug|Any CPU.ActiveCfg = Debug|Any CPU
		{12B8D3CD-AB4E-E313-F88F-CFBE63104BF6}.Debug|Any CPU.Build.0 = Debug|Any CPU
		{12B8D3CD-AB4E-E313-F88F-CFBE63104BF6}.Release|Any CPU.ActiveCfg = Release|Any CPU
		{12B8D3CD-AB4E-E313-F88F-CFBE63104BF6}.Release|Any CPU.Build.0 = Release|Any CPU
	EndGlobalSection
	GlobalSection(SolutionProperties) = preSolution
		HideSolutionNode = FALSE
	EndGlobalSection
	GlobalSection(MonoDevelopProperties) = preSolution
		StartupItem = Assembly-CSharp.csproj
	EndGlobalSection
EndGlobal
